
Microsoft Visual Studio Solution File, Format Version 12.00
# Visual Studio 15
VisualStudioVersion = 15.0.26730.12
MinimumVisualStudioVersion = 10.0.40219.1
Project("{8BC9CEB8-8B4A-11D0-8D11-00A0C91BC942}") = "slackapp", "slackapp.vcxproj", "{509E2B50-C002-4151-9A52-8DC505827099}"
EndProject
Project("{2150E333-8FDC-42A3-9474-1A3956D46DE8}") = "Solution Items", "Solution Items", "{26F274CE-E829-4858-9E1E-A830C7094FAA}"
	ProjectSection(SolutionItems) = preProject
		.depend = .depend
		.gitignore = .gitignore
		Makefile = Makefile
	EndProjectSection
EndProject
Global
	GlobalSection(SolutionConfigurationPlatforms) = preSolution
		Debug|x64 = Debug|x64
		Debug|x86 = Debug|x86
		Release|x64 = Release|x64
		Release|x86 = Release|x86
	EndGlobalSection
	GlobalSection(ProjectConfigurationPlatforms) = postSolution
		{509E2B50-C002-4151-9A52-8DC505827099}.Debug|x64.ActiveCfg = Debug|x64
		{509E2B50-C002-4151-9A52-8DC505827099}.Debug|x64.Build.0 = Debug|x64
		{509E2B50-C002-4151-9A52-8DC505827099}.Debug|x86.ActiveCfg = Debug|Win32
		{509E2B50-C002-4151-9A52-8DC505827099}.Debug|x86.Build.0 = Debug|Win32
		{509E2B50-C002-4151-9A52-8DC505827099}.Release|x64.ActiveCfg = Release|x64
		{509E2B50-C002-4151-9A52-8DC505827099}.Release|x64.Build.0 = Release|x64
		{509E2B50-C002-4151-9A52-8DC505827099}.Release|x86.ActiveCfg = Release|Win32
		{509E2B50-C002-4151-9A52-8DC505827099}.Release|x86.Build.0 = Release|Win32
	EndGlobalSection
	GlobalSection(SolutionProperties) = preSolution
		HideSolutionNode = FALSE
	EndGlobalSection
	GlobalSection(ExtensibilityGlobals) = postSolution
		SolutionGuid = {A3E76617-1421-468A-B617-37533991ABBA}
	EndGlobalSection
EndGlobal
